{
  "name": "newaframetesting",
  "version": "1.0.0",
  "lockfileVersion": 1,
  "dependencies": {
    "3d-force-graph": {
      "version": "1.3.6",
      "resolved": "https://registry.npmjs.org/3d-force-graph/-/3d-force-graph-1.3.6.tgz",
      "integrity": "sha1-Aco7glyActdzajk1Vu9CjmAMUZQ="
    },
    "aframe-crawling-cursor": {
      "version": "1.0.7",
      "resolved": "https://registry.npmjs.org/aframe-crawling-cursor/-/aframe-crawling-cursor-1.0.7.tgz",
      "integrity": "sha1-XhTUS3UvipgGd81gV7ItfDtcL/Y="
    },
    "aframe-line-component": {
      "version": "1.0.1",
      "resolved": "https://registry.npmjs.org/aframe-line-component/-/aframe-line-component-1.0.1.tgz",
      "integrity": "sha1-btY5WVZE5gjRqi4/j3UKq+YeYII="
    },
    "aframe-selectable-component": {
      "version": "1.6.0",
      "resolved": "https://registry.npmjs.org/aframe-selectable-component/-/aframe-selectable-component-1.6.0.tgz",
      "integrity": "sha1-1lDTfywymHraaQyDrfayh8OkLGE="
    },
    "aframe-slice9-component": {
      "version": "1.0.0",
      "resolved": "https://registry.npmjs.org/aframe-slice9-component/-/aframe-slice9-component-1.0.0.tgz",
      "integrity": "sha1-+w+EQdrdHosRzCRRK6eqaS1iK+E="
    },
    "aframe-tooltip-component": {
      "version": "0.1.1",
      "resolved": "https://registry.npmjs.org/aframe-tooltip-component/-/aframe-tooltip-component-0.1.1.tgz",
      "integrity": "sha1-3cHpEpOWnkdmkXCydQ0iqcfT8aw="
    },
    "commander": {
      "version": "2.9.0",
      "resolved": "https://registry.npmjs.org/commander/-/commander-2.9.0.tgz",
      "integrity": "sha1-nJkJQXbhIkDLItbFFGCYQA/g99Q="
    },
    "d3": {
      "version": "4.9.1",
      "resolved": "https://registry.npmjs.org/d3/-/d3-4.9.1.tgz",
      "integrity": "sha1-+GC+klImGjwU7qZLHSWQ0U9NuDg=",
      "dependencies": {
        "d3-timer": {
          "version": "1.0.5",
          "resolved": "https://registry.npmjs.org/d3-timer/-/d3-timer-1.0.5.tgz",
          "integrity": "sha1-smbUdscbDSaeesXzUrQQo7b+bvA="
        }
      }
    },
    "d3-array": {
      "version": "1.2.0",
      "resolved": "https://registry.npmjs.org/d3-array/-/d3-array-1.2.0.tgz",
      "integrity": "sha1-FH0mlyDhdMQFen9CvosPPyulMQg="
    },
    "d3-axis": {
      "version": "1.0.7",
      "resolved": "https://registry.npmjs.org/d3-axis/-/d3-axis-1.0.7.tgz",
      "integrity": "sha1-BIQz0wcGH2LR0kjikwwB17ZzjNg="
    },
    "d3-binarytree": {
      "version": "0.1.1",
      "resolved": "https://registry.npmjs.org/d3-binarytree/-/d3-binarytree-0.1.1.tgz",
      "integrity": "sha1-6vylYRsQg8YAsIp3xfSRsVtrx+o="
    },
    "d3-brush": {
      "version": "1.0.4",
      "resolved": "https://registry.npmjs.org/d3-brush/-/d3-brush-1.0.4.tgz",
      "integrity": "sha1-AMLyOAGfJPbAoZSibUGhUw/+e8Q="
    },
    "d3-chord": {
      "version": "1.0.4",
      "resolved": "https://registry.npmjs.org/d3-chord/-/d3-chord-1.0.4.tgz",
      "integrity": "sha1-fexPC6iG9xP+ERxF92NBT290yiw="
    },
    "d3-collection": {
      "version": "1.0.3",
      "resolved": "https://registry.npmjs.org/d3-collection/-/d3-collection-1.0.3.tgz",
      "integrity": "sha1-AL3qlPvBYo1DWruuL03CFk433TQ="
    },
    "d3-color": {
      "version": "1.0.3",
      "resolved": "https://registry.npmjs.org/d3-color/-/d3-color-1.0.3.tgz",
      "integrity": "sha1-vHZD/KjlOoNH4vva/6I2eWtYUJs="
    },
    "d3-dispatch": {
      "version": "1.0.3",
      "resolved": "https://registry.npmjs.org/d3-dispatch/-/d3-dispatch-1.0.3.tgz",
      "integrity": "sha1-RuFJHqqbWMNY/OW+TovtYm54cfg="
    },
    "d3-drag": {
      "version": "1.1.0",
      "resolved": "https://registry.npmjs.org/d3-drag/-/d3-drag-1.1.0.tgz",
      "integrity": "sha1-Skm013pC6ePVoO87SSsUqqLlpzM="
    },
    "d3-dsv": {
      "version": "1.0.5",
      "resolved": "https://registry.npmjs.org/d3-dsv/-/d3-dsv-1.0.5.tgz",
      "integrity": "sha1-QZ99tH9ih4n8P9tjbmeESdCCETY="
    },
    "d3-ease": {
      "version": "1.0.3",
      "resolved": "https://registry.npmjs.org/d3-ease/-/d3-ease-1.0.3.tgz",
      "integrity": "sha1-aL+8NJM4o4DETYrMT7wzBKotjA4="
    },
    "d3-force": {
      "version": "1.0.6",
      "resolved": "https://registry.npmjs.org/d3-force/-/d3-force-1.0.6.tgz",
      "integrity": "sha1-6n4bdzDiZkzTFPWU1nGMV8wTK3k="
    },
    "d3-force-3d": {
      "version": "1.0.7",
      "resolved": "https://registry.npmjs.org/d3-force-3d/-/d3-force-3d-1.0.7.tgz",
      "integrity": "sha1-krF/g/eYRyxSvJ8NV1tnHp7lt/w="
    },
    "d3-format": {
      "version": "1.2.0",
      "resolved": "https://registry.npmjs.org/d3-format/-/d3-format-1.2.0.tgz",
      "integrity": "sha1-a0gLqohohdRlHcJIqPSsnaFtsHo="
    },
    "d3-geo": {
      "version": "1.6.4",
      "resolved": "https://registry.npmjs.org/d3-geo/-/d3-geo-1.6.4.tgz",
      "integrity": "sha1-8g4eRhyxhF9ai+Vatvh2VCp+MZk="
    },
    "d3-hierarchy": {
      "version": "1.1.4",
      "resolved": "https://registry.npmjs.org/d3-hierarchy/-/d3-hierarchy-1.1.4.tgz",
      "integrity": "sha1-lsOULz8hz5l6EbTt8A3eKne0xtA="
    },
    "d3-interpolate": {
      "version": "1.1.5",
      "resolved": "https://registry.npmjs.org/d3-interpolate/-/d3-interpolate-1.1.5.tgz",
      "integrity": "sha1-aeCZ/zkhRxblY8muw+qdHqS4p58="
    },
    "d3-octree": {
      "version": "0.1.2",
      "resolved": "https://registry.npmjs.org/d3-octree/-/d3-octree-0.1.2.tgz",
      "integrity": "sha1-N7+RnfeeZh7aWGWSHrbKfwOJf8w="
    },
    "d3-path": {
      "version": "1.0.5",
      "resolved": "https://registry.npmjs.org/d3-path/-/d3-path-1.0.5.tgz",
      "integrity": "sha1-JB6xhJvZ6egCHA0KeZ+KDo5EF2Q="
    },
    "d3-polygon": {
      "version": "1.0.3",
      "resolved": "https://registry.npmjs.org/d3-polygon/-/d3-polygon-1.0.3.tgz",
      "integrity": "sha1-FoiOkCZGCTPysXllKtN4Ik04LGI="
    },
    "d3-quadtree": {
      "version": "1.0.3",
      "resolved": "https://registry.npmjs.org/d3-quadtree/-/d3-quadtree-1.0.3.tgz",
      "integrity": "sha1-rHmH4+I/6AWpkPKOG1DTj8uCJDg="
    },
    "d3-queue": {
      "version": "3.0.7",
      "resolved": "https://registry.npmjs.org/d3-queue/-/d3-queue-3.0.7.tgz",
      "integrity": "sha1-yTouVLQXwJWRKdfXP2z31Ckudhg="
    },
    "d3-random": {
      "version": "1.1.0",
      "resolved": "https://registry.npmjs.org/d3-random/-/d3-random-1.1.0.tgz",
      "integrity": "sha1-ZkLlBsb6OmSFldKyRpeIqNElKdM="
    },
    "d3-request": {
      "version": "1.0.5",
      "resolved": "https://registry.npmjs.org/d3-request/-/d3-request-1.0.5.tgz",
      "integrity": "sha1-TarpRtHdDVff4B8CKVY1SVjVHyM="
    },
    "d3-scale": {
      "version": "1.0.6",
      "resolved": "https://registry.npmjs.org/d3-scale/-/d3-scale-1.0.6.tgz",
      "integrity": "sha1-vOGdqA06DPQiyVQ64zIghiILNO0="
    },
    "d3-selection": {
      "version": "1.1.0",
      "resolved": "https://registry.npmjs.org/d3-selection/-/d3-selection-1.1.0.tgz",
      "integrity": "sha1-GZhoSJZIj4OcoDchI9o08dMYgJw="
    },
    "d3-shape": {
      "version": "1.1.1",
      "resolved": "https://registry.npmjs.org/d3-shape/-/d3-shape-1.1.1.tgz",
      "integrity": "sha1-UKEDfkinn1uP2dWM3lJ5musfdyM="
    },
    "d3-time": {
      "version": "1.0.6",
      "resolved": "https://registry.npmjs.org/d3-time/-/d3-time-1.0.6.tgz",
      "integrity": "sha1-pVsT19FdOhYK6RcIIy4INfHV6UU="
    },
    "d3-time-format": {
      "version": "2.0.5",
      "resolved": "https://registry.npmjs.org/d3-time-format/-/d3-time-format-2.0.5.tgz",
      "integrity": "sha1-nXeAIE98kRnJFwsaVttN6aivly4="
    },
    "d3-timer": {
      "version": "1.0.6",
      "resolved": "https://registry.npmjs.org/d3-timer/-/d3-timer-1.0.6.tgz",
      "integrity": "sha1-QES/FdcCXAbOfRFJ9zzQe1Tb14Q="
    },
    "d3-transition": {
      "version": "1.1.0",
      "resolved": "https://registry.npmjs.org/d3-transition/-/d3-transition-1.1.0.tgz",
      "integrity": "sha1-z8hcdOUjkyQpBUZiNXKZBWDDlm8="
    },
    "d3-voronoi": {
      "version": "1.1.2",
      "resolved": "https://registry.npmjs.org/d3-voronoi/-/d3-voronoi-1.1.2.tgz",
      "integrity": "sha1-Fodmfo8TotFYyAwUgMWinLDYlzw="
    },
    "d3-zoom": {
      "version": "1.2.0",
      "resolved": "https://registry.npmjs.org/d3-zoom/-/d3-zoom-1.2.0.tgz",
      "integrity": "sha1-syMfT5OGJBR13v4cVXv9P94QZfs="
    },
    "graceful-readlink": {
      "version": "1.0.1",
      "resolved": "https://registry.npmjs.org/graceful-readlink/-/graceful-readlink-1.0.1.tgz",
      "integrity": "sha1-TK+tdrxi8C+gObL5Tpo906ORpyU="
    },
    "iconv-lite": {
      "version": "0.4.18",
      "resolved": "https://registry.npmjs.org/iconv-lite/-/iconv-lite-0.4.18.tgz",
      "integrity": "sha512-sr1ZQph3UwHTR0XftSbK85OvBbxe/abLGzEnPENCQwmHf7sck8Oyu4ob3LgBxWWxRoM+QszeUyl7jbqapu2TqA=="
    },
    "jquery-param": {
      "version": "0.1.2",
      "resolved": "https://registry.npmjs.org/jquery-param/-/jquery-param-0.1.2.tgz",
      "integrity": "sha1-F7GHH9eQfgNwZGS7b2ZIW5ua8pM="
    },
    "ngraph.events": {
      "version": "0.0.3",
      "resolved": "https://registry.npmjs.org/ngraph.events/-/ngraph.events-0.0.3.tgz",
      "integrity": "sha1-OPVTFvPSB61jH/lPZiLKjywOh9A="
    },
    "ngraph.expose": {
      "version": "0.0.0",
      "resolved": "https://registry.npmjs.org/ngraph.expose/-/ngraph.expose-0.0.0.tgz",
      "integrity": "sha1-dGw0kDo4SMRdAzsUvGRhnqhf5ao="
    },
    "ngraph.forcelayout": {
      "version": "0.1.2",
      "resolved": "https://registry.npmjs.org/ngraph.forcelayout/-/ngraph.forcelayout-0.1.2.tgz",
      "integrity": "sha1-PC4SJ/KRSLqyn8WLweg3SfYdS8U="
    },
    "ngraph.forcelayout3d": {
      "version": "0.0.16",
      "resolved": "https://registry.npmjs.org/ngraph.forcelayout3d/-/ngraph.forcelayout3d-0.0.16.tgz",
      "integrity": "sha1-zp2d9eEmmJPOdFPuuPtTwYlgosE=",
      "dependencies": {
        "ngraph.forcelayout": {
          "version": "0.0.22",
          "resolved": "https://registry.npmjs.org/ngraph.forcelayout/-/ngraph.forcelayout-0.0.22.tgz",
          "integrity": "sha1-2sa+5PJBC4J6UfM+OnbTDZkGSec="
        },
        "ngraph.physics.simulator": {
          "version": "0.0.12",
          "resolved": "https://registry.npmjs.org/ngraph.physics.simulator/-/ngraph.physics.simulator-0.0.12.tgz",
          "integrity": "sha1-JMhZxEDeo2zV2yBbqAoW8SEXQnk="
        },
        "ngraph.quadtreebh": {
          "version": "0.0.3",
          "resolved": "https://registry.npmjs.org/ngraph.quadtreebh/-/ngraph.quadtreebh-0.0.3.tgz",
          "integrity": "sha1-mu4qCTGxl4DTStg2FulqJTZ1EpU="
        }
      }
    },
    "ngraph.graph": {
      "version": "0.0.12",
      "resolved": "https://registry.npmjs.org/ngraph.graph/-/ngraph.graph-0.0.12.tgz",
      "integrity": "sha1-lax3faVn0JZT1K87repb+Rj1uyw="
    },
    "ngraph.merge": {
      "version": "0.0.1",
      "resolved": "https://registry.npmjs.org/ngraph.merge/-/ngraph.merge-0.0.1.tgz",
      "integrity": "sha1-5OgM43WBo8lrF9VF46Q8hUNLkCU="
    },
    "ngraph.physics.primitives": {
      "version": "0.0.7",
      "resolved": "https://registry.npmjs.org/ngraph.physics.primitives/-/ngraph.physics.primitives-0.0.7.tgz",
      "integrity": "sha1-Xcnhebofkubex3SwHNaJFBILeVs="
    },
    "ngraph.physics.simulator": {
      "version": "0.1.1",
      "resolved": "https://registry.npmjs.org/ngraph.physics.simulator/-/ngraph.physics.simulator-0.1.1.tgz",
      "integrity": "sha1-h5RmUATQJbnkIyEV/O/9l7+sCK0="
    },
    "ngraph.quadtreebh": {
      "version": "0.0.4",
      "resolved": "https://registry.npmjs.org/ngraph.quadtreebh/-/ngraph.quadtreebh-0.0.4.tgz",
      "integrity": "sha1-xwDUTm5K8HttBQAbo5h/9eLc1iw="
    },
    "ngraph.quadtreebh3d": {
      "version": "0.0.3",
      "resolved": "https://registry.npmjs.org/ngraph.quadtreebh3d/-/ngraph.quadtreebh3d-0.0.3.tgz",
      "integrity": "sha1-eys2vXef62Rnz7d07lnPk7i3Vqg="
    },
    "ngraph.random": {
      "version": "0.0.1",
      "resolved": "https://registry.npmjs.org/ngraph.random/-/ngraph.random-0.0.1.tgz",
      "integrity": "sha1-wAji67/f+vF+0Q5LvJE+VnFmvPg="
    },
    "pinkyswear": {
      "version": "2.2.3",
      "resolved": "https://registry.npmjs.org/pinkyswear/-/pinkyswear-2.2.3.tgz",
      "integrity": "sha1-5Ym3LCaKCdDkZFiGHWuMzFySGjs="
    },
    "qwest": {
      "version": "4.4.6",
      "resolved": "https://registry.npmjs.org/qwest/-/qwest-4.4.6.tgz",
      "integrity": "sha1-vap2qLGaxe4Ff3YmumvceZVwrhM="
    },
    "rw": {
      "version": "1.3.3",
      "resolved": "https://registry.npmjs.org/rw/-/rw-1.3.3.tgz",
      "integrity": "sha1-P4Yt+pGrdmsUiF700BEkv9oHT7Q="
    },
    "swc": {
      "version": "0.2.0",
      "resolved": "https://registry.npmjs.org/swc/-/swc-0.2.0.tgz",
      "integrity": "sha1-eau6e+ps1Wbt8skwtxU43SdO0FA="
    },
    "three": {
      "version": "0.84.0",
      "resolved": "https://registry.npmjs.org/three/-/three-0.84.0.tgz",
      "integrity": "sha1-lb6FpVoPoAKqYl7VWRMJV9z/2Rg="
    },
    "xmlhttprequest": {
      "version": "1.8.0",
      "resolved": "https://registry.npmjs.org/xmlhttprequest/-/xmlhttprequest-1.8.0.tgz",
      "integrity": "sha1-Z/4HXFwk/vOfnWX197f+dRcZaPw="
    }
  }
}
