{
  "lockfileVersion": 1,
  "dependencies": {
    "dat-gui": {
      "version": "0.5.0",
      "resolved": "https://registry.npmjs.org/dat-gui/-/dat-gui-0.5.0.tgz",
      "integrity": "sha1-EhLag2EJdH0KwiC617B8F9qgNYM="
    },
    "eventemitter3": {
      "version": "2.0.3",
      "resolved": "https://registry.npmjs.org/eventemitter3/-/eventemitter3-2.0.3.tgz",
      "integrity": "sha1-teEHm1n7XhuidxwKmTvgYKWMmbo="
    },
    "ray-input": {
      "version": "0.1.2",
      "resolved": "https://registry.npmjs.org/ray-input/-/ray-input-0.1.2.tgz",
      "integrity": "sha1-ou62pmFqmAlMdqo6lJlRm0AetEQ=",
      "dependencies": {
        "eventemitter3": {
          "version": "1.2.0",
          "resolved": "https://registry.npmjs.org/eventemitter3/-/eventemitter3-1.2.0.tgz",
          "integrity": "sha1-HIaZHYFq0eUEdQ5zh0Ik7PO+xQg="
        }
      }
    },
    "screenfull": {
      "version": "3.2.0",
      "resolved": "https://registry.npmjs.org/screenfull/-/screenfull-3.2.0.tgz",
      "integrity": "sha1-pNZjfFfkdJ7TLq9EIyJtQ6mcwRs="
    },
    "three": {
      "version": "0.81.2",
      "resolved": "https://registry.npmjs.org/three/-/three-0.81.2.tgz",
      "integrity": "sha1-EAwHjc+7CiNePUMwZrGyaxRcacM="
    },
    "tween": {
      "version": "0.9.0",
      "resolved": "https://registry.npmjs.org/tween/-/tween-0.9.0.tgz",
      "integrity": "sha1-+FbHqcmrhcqaK8AiglkaolE6IO0="
    },
    "webvr-boilerplate": {
      "version": "0.4.9",
      "resolved": "https://registry.npmjs.org/webvr-boilerplate/-/webvr-boilerplate-0.4.9.tgz",
      "integrity": "sha1-AeEiuUoSh0n7eIyMLh6fv7Kt5Mk="
    },
    "webvr-polyfill": {
      "version": "0.9.34",
      "resolved": "https://registry.npmjs.org/webvr-polyfill/-/webvr-polyfill-0.9.34.tgz",
      "integrity": "sha1-YRSs9nv+3GzLKshN5quCIENiYfs="
    },
    "webvr-ui": {
      "version": "0.9.4",
      "resolved": "https://registry.npmjs.org/webvr-ui/-/webvr-ui-0.9.4.tgz",
      "integrity": "sha1-+32+nLxvhP40mrKNImgvlQWdxxs="
    }
  }
}
