{
  "name": "newaframetesting",
  "version": "1.0.0",
  "lockfileVersion": 1,
  "dependencies": {
    "aframe-crawling-cursor": {
      "version": "1.0.7",
      "resolved": "https://registry.npmjs.org/aframe-crawling-cursor/-/aframe-crawling-cursor-1.0.7.tgz",
      "integrity": "sha1-XhTUS3UvipgGd81gV7ItfDtcL/Y="
    },
    "aframe-line-component": {
      "version": "1.0.1",
      "resolved": "https://registry.npmjs.org/aframe-line-component/-/aframe-line-component-1.0.1.tgz",
      "integrity": "sha1-btY5WVZE5gjRqi4/j3UKq+YeYII="
    },
    "aframe-selectable-component": {
      "version": "1.6.0",
      "resolved": "https://registry.npmjs.org/aframe-selectable-component/-/aframe-selectable-component-1.6.0.tgz",
      "integrity": "sha1-1lDTfywymHraaQyDrfayh8OkLGE="
    },
    "aframe-slice9-component": {
      "version": "1.0.0",
      "resolved": "https://registry.npmjs.org/aframe-slice9-component/-/aframe-slice9-component-1.0.0.tgz",
      "integrity": "sha1-+w+EQdrdHosRzCRRK6eqaS1iK+E="
    },
    "aframe-tooltip-component": {
      "version": "0.1.1",
      "resolved": "https://registry.npmjs.org/aframe-tooltip-component/-/aframe-tooltip-component-0.1.1.tgz",
      "integrity": "sha1-3cHpEpOWnkdmkXCydQ0iqcfT8aw="
    }
  }
}
