{
  "name": "newaframetesting",
  "version": "1.0.0",
  "lockfileVersion": 1,
  "dependencies": {
    "aframe-crawling-cursor": {
      "version": "1.0.7",
      "resolved": "https://registry.npmjs.org/aframe-crawling-cursor/-/aframe-crawling-cursor-1.0.7.tgz",
      "integrity": "sha1-XhTUS3UvipgGd81gV7ItfDtcL/Y="
    },
    "aframe-line-component": {
      "version": "1.0.1",
      "resolved": "https://registry.npmjs.org/aframe-line-component/-/aframe-line-component-1.0.1.tgz",
      "integrity": "sha1-btY5WVZE5gjRqi4/j3UKq+YeYII="
    }
  }
}
